
Microsoft Visual Studio Solution File, Format Version 12.00
# Visual Studio Version 17
VisualStudioVersion = 17.13.35806.99 d17.13
MinimumVisualStudioVersion = 10.0.40219.1
Project("{FAE04EC0-301F-11D3-BF4B-00C04F79EFBC}") = "IgrejaDashboard.Api", "IgrejaDashboard.Api\IgrejaDashboard.Api.csproj", "{FEEA9C68-5B6C-482B-86D8-D2D27ECD2669}"
EndProject
Global
	GlobalSection(SolutionConfigurationPlatforms) = preSolution
		Debug|Any CPU = Debug|Any CPU
		Release|Any CPU = Release|Any CPU
	EndGlobalSection
	GlobalSection(ProjectConfigurationPlatforms) = postSolution
		{FEEA9C68-5B6C-482B-86D8-D2D27ECD2669}.Debug|Any CPU.ActiveCfg = Debug|Any CPU
		{FEEA9C68-5B6C-482B-86D8-D2D27ECD2669}.Debug|Any CPU.Build.0 = Debug|Any CPU
		{FEEA9C68-5B6C-482B-86D8-D2D27ECD2669}.Release|Any CPU.ActiveCfg = Release|Any CPU
		{FEEA9C68-5B6C-482B-86D8-D2D27ECD2669}.Release|Any CPU.Build.0 = Release|Any CPU
	EndGlobalSection
	GlobalSection(SolutionProperties) = preSolution
		HideSolutionNode = FALSE
	EndGlobalSection
	GlobalSection(ExtensibilityGlobals) = postSolution
		SolutionGuid = {D22915A2-EF8C-450A-AB43-951DF1817A3B}
	EndGlobalSection
EndGlobal
